
Microsoft Visual Studio Solution File, Format Version 12.00
# Visual Studio Version 16
VisualStudioVersion = 16.0.31727.386
MinimumVisualStudioVersion = 10.0.40219.1
Project("{FAE04EC0-301F-11D3-BF4B-00C04F79EFBC}") = "labos5", "labos5.csproj", "{EC194153-DEB4-480D-81AA-5AF34D6C30D5}"
EndProject
Global
	GlobalSection(SolutionConfigurationPlatforms) = preSolution
		Debug|Any CPU = Debug|Any CPU
		Release|Any CPU = Release|Any CPU
	EndGlobalSection
	GlobalSection(ProjectConfigurationPlatforms) = postSolution
		{EC194153-DEB4-480D-81AA-5AF34D6C30D5}.Debug|Any CPU.ActiveCfg = Debug|Any CPU
		{EC194153-DEB4-480D-81AA-5AF34D6C30D5}.Debug|Any CPU.Build.0 = Debug|Any CPU
		{EC194153-DEB4-480D-81AA-5AF34D6C30D5}.Release|Any CPU.ActiveCfg = Release|Any CPU
		{EC194153-DEB4-480D-81AA-5AF34D6C30D5}.Release|Any CPU.Build.0 = Release|Any CPU
	EndGlobalSection
	GlobalSection(SolutionProperties) = preSolution
		HideSolutionNode = FALSE
	EndGlobalSection
	GlobalSection(ExtensibilityGlobals) = postSolution
		SolutionGuid = {98088226-088B-4B93-8E66-7E9C1C546030}
	EndGlobalSection
EndGlobal
